
Microsoft Visual Studio Solution File, Format Version 12.00
# Visual Studio Version 16
VisualStudioVersion = 16.0.30413.136
MinimumVisualStudioVersion = 10.0.40219.1
Project("{FAE04EC0-301F-11D3-BF4B-00C04F79EFBC}") = "EstacionMeteorologica", "EstacionMeteorologica\EstacionMeteorologica.csproj", "{98E8165B-F8E4-4C84-90F3-3ED02D030237}"
EndProject
Global
	GlobalSection(SolutionConfigurationPlatforms) = preSolution
		Debug|Any CPU = Debug|Any CPU
		Release|Any CPU = Release|Any CPU
	EndGlobalSection
	GlobalSection(ProjectConfigurationPlatforms) = postSolution
		{98E8165B-F8E4-4C84-90F3-3ED02D030237}.Debug|Any CPU.ActiveCfg = Debug|Any CPU
		{98E8165B-F8E4-4C84-90F3-3ED02D030237}.Debug|Any CPU.Build.0 = Debug|Any CPU
		{98E8165B-F8E4-4C84-90F3-3ED02D030237}.Release|Any CPU.ActiveCfg = Release|Any CPU
		{98E8165B-F8E4-4C84-90F3-3ED02D030237}.Release|Any CPU.Build.0 = Release|Any CPU
	EndGlobalSection
	GlobalSection(SolutionProperties) = preSolution
		HideSolutionNode = FALSE
	EndGlobalSection
	GlobalSection(ExtensibilityGlobals) = postSolution
		SolutionGuid = {AF6E795A-4844-4984-87DF-61FD42BD6C36}
	EndGlobalSection
EndGlobal
